Microsoft Visual Studio Solution File, Format Version 11.00
# Visual Studio 2010
Project("{F184B08F-C81C-45F6-A57F-5ABD9991F28F}") = "UsePalettes", "UsePalettes\UsePalettes.vbproj", "{0AC88724-67B5-4B0F-AC16-7906FACA81E1}"
EndProject
Global
	GlobalSection(SolutionConfigurationPlatforms) = preSolution
		Debug|Any CPU = Debug|Any CPU
		Release|Any CPU = Release|Any CPU
	EndGlobalSection
	GlobalSection(ProjectConfigurationPlatforms) = postSolution
		{0AC88724-67B5-4B0F-AC16-7906FACA81E1}.Debug|Any CPU.ActiveCfg = Debug|Any CPU
		{0AC88724-67B5-4B0F-AC16-7906FACA81E1}.Debug|Any CPU.Build.0 = Debug|Any CPU
		{0AC88724-67B5-4B0F-AC16-7906FACA81E1}.Release|Any CPU.ActiveCfg = Release|Any CPU
		{0AC88724-67B5-4B0F-AC16-7906FACA81E1}.Release|Any CPU.Build.0 = Release|Any CPU
	EndGlobalSection
	GlobalSection(SolutionProperties) = preSolution
		HideSolutionNode = FALSE
	EndGlobalSection
EndGlobal
